
Microsoft Visual Studio Solution File, Format Version 12.00
# Visual Studio Version 16
VisualStudioVersion = 16.0.28803.156
MinimumVisualStudioVersion = 10.0.40219.1
Project("{FAE04EC0-301F-11D3-BF4B-00C04F79EFBC}") = "MHSSystem", "MHSSystem\MHSSystem.csproj", "{7473EC70-7327-4C6C-9A12-F3AE6E9283AE}"
EndProject
Project("{FAE04EC0-301F-11D3-BF4B-00C04F79EFBC}") = "Repository", "Repository\Repository.csproj", "{B3A761A1-D779-42B2-A2F2-870979A682FC}"
EndProject
Global
	GlobalSection(SolutionConfigurationPlatforms) = preSolution
		Debug|Any CPU = Debug|Any CPU
		Release|Any CPU = Release|Any CPU
	EndGlobalSection
	GlobalSection(ProjectConfigurationPlatforms) = postSolution
		{7473EC70-7327-4C6C-9A12-F3AE6E9283AE}.Debug|Any CPU.ActiveCfg = Debug|Any CPU
		{7473EC70-7327-4C6C-9A12-F3AE6E9283AE}.Debug|Any CPU.Build.0 = Debug|Any CPU
		{7473EC70-7327-4C6C-9A12-F3AE6E9283AE}.Release|Any CPU.ActiveCfg = Release|Any CPU
		{7473EC70-7327-4C6C-9A12-F3AE6E9283AE}.Release|Any CPU.Build.0 = Release|Any CPU
		{B3A761A1-D779-42B2-A2F2-870979A682FC}.Debug|Any CPU.ActiveCfg = Debug|Any CPU
		{B3A761A1-D779-42B2-A2F2-870979A682FC}.Debug|Any CPU.Build.0 = Debug|Any CPU
		{B3A761A1-D779-42B2-A2F2-870979A682FC}.Release|Any CPU.ActiveCfg = Release|Any CPU
		{B3A761A1-D779-42B2-A2F2-870979A682FC}.Release|Any CPU.Build.0 = Release|Any CPU
	EndGlobalSection
	GlobalSection(SolutionProperties) = preSolution
		HideSolutionNode = FALSE
	EndGlobalSection
	GlobalSection(ExtensibilityGlobals) = postSolution
		SolutionGuid = {F44B2A3D-7EB1-4B06-9A71-97048E91905D}
	EndGlobalSection
EndGlobal
